// !$*UTF8*$!
{
	archiveVersion = 1;
	classes = {
	};
	objectVersion = 50;
	objects = {

/* Begin PBXBuildFile section */
		CB592E53253D625C004C3E66 /* AppDelegate.swift in Sources */ = {isa = PBXBuildFile; fileRef = CB592E52253D625C004C3E66 /* AppDelegate.swift */; };
		CB592E55253D625C004C3E66 /* SceneDelegate.swift in Sources */ = {isa = PBXBuildFile; fileRef = CB592E54253D625C004C3E66 /* SceneDelegate.swift */; };
		CB592E5A253D625C004C3E66 /* Main.storyboard in Resources */ = {isa = PBXBuildFile; fileRef = CB592E58253D625C004C3E66 /* Main.storyboard */; };
		CB592E5C253D625D004C3E66 /* Assets.xcassets in Resources */ = {isa = PBXBuildFile; fileRef = CB592E5B253D625D004C3E66 /* Assets.xcassets */; };
		CB592E5F253D625D004C3E66 /* LaunchScreen.storyboard in Resources */ = {isa = PBXBuildFile; fileRef = CB592E5D253D625D004C3E66 /* LaunchScreen.storyboard */; };
		CB592E6A253D706E004C3E66 /* BeanDetail.swift in Sources */ = {isa = PBXBuildFile; fileRef = CB592E67253D706E004C3E66 /* BeanDetail.swift */; };
		CB592E6B253D706E004C3E66 /* BeanDetailView.swift in Sources */ = {isa = PBXBuildFile; fileRef = CB592E68253D706E004C3E66 /* BeanDetailView.swift */; };
		CB592E6C253D706E004C3E66 /* BeanDetailViewController.swift in Sources */ = {isa = PBXBuildFile; fileRef = CB592E69253D706E004C3E66 /* BeanDetailViewController.swift */; };
		CB592E71253D7288004C3E66 /* thumbs.png in Resources */ = {isa = PBXBuildFile; fileRef = CB592E6F253D7288004C3E66 /* thumbs.png */; };
		CB592E72253D7288004C3E66 /* star.png in Resources */ = {isa = PBXBuildFile; fileRef = CB592E70253D7288004C3E66 /* star.png */; };
		CB592E7B253D7969004C3E66 /* Localizable.strings in Resources */ = {isa = PBXBuildFile; fileRef = CB592E79253D7969004C3E66 /* Localizable.strings */; };
/* End PBXBuildFile section */

/* Begin PBXFileReference section */
		CB592E4F253D625C004C3E66 /* VerdeRoastery-Localization.app */ = {isa = PBXFileReference; explicitFileType = wrapper.application; includeInIndex = 0; path = "VerdeRoastery-Localization.app"; sourceTree = BUILT_PRODUCTS_DIR; };
		CB592E52253D625C004C3E66 /* AppDelegate.swift */ = {isa = PBXFileReference; lastKnownFileType = sourcecode.swift; path = AppDelegate.swift; sourceTree = "<group>"; };
		CB592E54253D625C004C3E66 /* SceneDelegate.swift */ = {isa = PBXFileReference; lastKnownFileType = sourcecode.swift; path = SceneDelegate.swift; sourceTree = "<group>"; };
		CB592E59253D625C004C3E66 /* Base */ = {isa = PBXFileReference; lastKnownFileType = file.storyboard; name = Base; path = Base.lproj/Main.storyboard; sourceTree = "<group>"; };
		CB592E5B253D625D004C3E66 /* Assets.xcassets */ = {isa = PBXFileReference; lastKnownFileType = folder.assetcatalog; path = Assets.xcassets; sourceTree = "<group>"; };
		CB592E5E253D625D004C3E66 /* Base */ = {isa = PBXFileReference; lastKnownFileType = file.storyboard; name = Base; path = Base.lproj/LaunchScreen.storyboard; sourceTree = "<group>"; };
		CB592E60253D625D004C3E66 /* Info.plist */ = {isa = PBXFileReference; lastKnownFileType = text.plist.xml; path = Info.plist; sourceTree = "<group>"; };
		CB592E67253D706E004C3E66 /* BeanDetail.swift */ = {isa = PBXFileReference; fileEncoding = 4; lastKnownFileType = sourcecode.swift; path = BeanDetail.swift; sourceTree = "<group>"; };
		CB592E68253D706E004C3E66 /* BeanDetailView.swift */ = {isa = PBXFileReference; fileEncoding = 4; lastKnownFileType = sourcecode.swift; path = BeanDetailView.swift; sourceTree = "<group>"; };
		CB592E69253D706E004C3E66 /* BeanDetailViewController.swift */ = {isa = PBXFileReference; fileEncoding = 4; lastKnownFileType = sourcecode.swift; path = BeanDetailViewController.swift; sourceTree = "<group>"; };
		CB592E6F253D7288004C3E66 /* thumbs.png */ = {isa = PBXFileReference; lastKnownFileType = image.png; path = thumbs.png; sourceTree = "<group>"; };
		CB592E70253D7288004C3E66 /* star.png */ = {isa = PBXFileReference; lastKnownFileType = image.png; path = star.png; sourceTree = "<group>"; };
		CB592E74253D764E004C3E66 /* ar */ = {isa = PBXFileReference; lastKnownFileType = text.plist.strings; name = ar; path = ar.lproj/Main.strings; sourceTree = "<group>"; };
		CB592E75253D764E004C3E66 /* ar */ = {isa = PBXFileReference; lastKnownFileType = text.plist.strings; name = ar; path = ar.lproj/LaunchScreen.strings; sourceTree = "<group>"; };
		CB592E77253D7655004C3E66 /* de */ = {isa = PBXFileReference; lastKnownFileType = text.plist.strings; name = de; path = de.lproj/Main.strings; sourceTree = "<group>"; };
		CB592E78253D7655004C3E66 /* de */ = {isa = PBXFileReference; lastKnownFileType = text.plist.strings; name = de; path = de.lproj/LaunchScreen.strings; sourceTree = "<group>"; };
		CB592E7A253D7969004C3E66 /* ar */ = {isa = PBXFileReference; lastKnownFileType = text.plist.strings; name = ar; path = ar.lproj/Localizable.strings; sourceTree = "<group>"; };
		CB592E7D253D7974004C3E66 /* de */ = {isa = PBXFileReference; lastKnownFileType = text.plist.strings; name = de; path = de.lproj/Localizable.strings; sourceTree = "<group>"; };
/* End PBXFileReference section */

/* Begin PBXFrameworksBuildPhase section */
		CB592E4C253D625C004C3E66 /* Frameworks */ = {
			isa = PBXFrameworksBuildPhase;
			buildActionMask = 2147483647;
			files = (
			);
			runOnlyForDeploymentPostprocessing = 0;
		};
/* End PBXFrameworksBuildPhase section */

/* Begin PBXGroup section */
		CB592E46253D625C004C3E66 = {
			isa = PBXGroup;
			children = (
				CB592E51253D625C004C3E66 /* VerdeRoastery-Localization */,
				CB592E50253D625C004C3E66 /* Products */,
			);
			sourceTree = "<group>";
		};
		CB592E50253D625C004C3E66 /* Products */ = {
			isa = PBXGroup;
			children = (
				CB592E4F253D625C004C3E66 /* VerdeRoastery-Localization.app */,
			);
			name = Products;
			sourceTree = "<group>";
		};
		CB592E51253D625C004C3E66 /* VerdeRoastery-Localization */ = {
			isa = PBXGroup;
			children = (
				CB592E6E253D7271004C3E66 /* images */,
				CB592E52253D625C004C3E66 /* AppDelegate.swift */,
				CB592E54253D625C004C3E66 /* SceneDelegate.swift */,
				CB592E67253D706E004C3E66 /* BeanDetail.swift */,
				CB592E68253D706E004C3E66 /* BeanDetailView.swift */,
				CB592E69253D706E004C3E66 /* BeanDetailViewController.swift */,
				CB592E58253D625C004C3E66 /* Main.storyboard */,
				CB592E5B253D625D004C3E66 /* Assets.xcassets */,
				CB592E5D253D625D004C3E66 /* LaunchScreen.storyboard */,
				CB592E60253D625D004C3E66 /* Info.plist */,
				CB592E79253D7969004C3E66 /* Localizable.strings */,
			);
			path = "VerdeRoastery-Localization";
			sourceTree = "<group>";
		};
		CB592E6E253D7271004C3E66 /* images */ = {
			isa = PBXGroup;
			children = (
				CB592E70253D7288004C3E66 /* star.png */,
				CB592E6F253D7288004C3E66 /* thumbs.png */,
			);
			path = images;
			sourceTree = "<group>";
		};
/* End PBXGroup section */

/* Begin PBXNativeTarget section */
		CB592E4E253D625C004C3E66 /* VerdeRoastery-Localization */ = {
			isa = PBXNativeTarget;
			buildConfigurationList = CB592E63253D625D004C3E66 /* Build configuration list for PBXNativeTarget "VerdeRoastery-Localization" */;
			buildPhases = (
				CB592E4B253D625C004C3E66 /* Sources */,
				CB592E4C253D625C004C3E66 /* Frameworks */,
				CB592E4D253D625C004C3E66 /* Resources */,
			);
			buildRules = (
			);
			dependencies = (
			);
			name = "VerdeRoastery-Localization";
			productName = "VerdeRoastery-Localization";
			productReference = CB592E4F253D625C004C3E66 /* VerdeRoastery-Localization.app */;
			productType = "com.apple.product-type.application";
		};
/* End PBXNativeTarget section */

/* Begin PBXProject section */
		CB592E47253D625C004C3E66 /* Project object */ = {
			isa = PBXProject;
			attributes = {
				LastSwiftUpdateCheck = 1200;
				LastUpgradeCheck = 1200;
				TargetAttributes = {
					CB592E4E253D625C004C3E66 = {
						CreatedOnToolsVersion = 12.0.1;
					};
				};
			};
			buildConfigurationList = CB592E4A253D625C004C3E66 /* Build configuration list for PBXProject "VerdeRoastery-Localization" */;
			compatibilityVersion = "Xcode 9.3";
			developmentRegion = en;
			hasScannedForEncodings = 0;
			knownRegions = (
				en,
				Base,
				ar,
				de,
			);
			mainGroup = CB592E46253D625C004C3E66;
			productRefGroup = CB592E50253D625C004C3E66 /* Products */;
			projectDirPath = "";
			projectRoot = "";
			targets = (
				CB592E4E253D625C004C3E66 /* VerdeRoastery-Localization */,
			);
		};
/* End PBXProject section */

/* Begin PBXResourcesBuildPhase section */
		CB592E4D253D625C004C3E66 /* Resources */ = {
			isa = PBXResourcesBuildPhase;
			buildActionMask = 2147483647;
			files = (
				CB592E71253D7288004C3E66 /* thumbs.png in Resources */,
				CB592E7B253D7969004C3E66 /* Localizable.strings in Resources */,
				CB592E72253D7288004C3E66 /* star.png in Resources */,
				CB592E5F253D625D004C3E66 /* LaunchScreen.storyboard in Resources */,
				CB592E5C253D625D004C3E66 /* Assets.xcassets in Resources */,
				CB592E5A253D625C004C3E66 /* Main.storyboard in Resources */,
			);
			runOnlyForDeploymentPostprocessing = 0;
		};
/* End PBXResourcesBuildPhase section */

/* Begin PBXSourcesBuildPhase section */
		CB592E4B253D625C004C3E66 /* Sources */ = {
			isa = PBXSourcesBuildPhase;
			buildActionMask = 2147483647;
			files = (
				CB592E6C253D706E004C3E66 /* BeanDetailViewController.swift in Sources */,
				CB592E53253D625C004C3E66 /* AppDelegate.swift in Sources */,
				CB592E6A253D706E004C3E66 /* BeanDetail.swift in Sources */,
				CB592E55253D625C004C3E66 /* SceneDelegate.swift in Sources */,
				CB592E6B253D706E004C3E66 /* BeanDetailView.swift in Sources */,
			);
			runOnlyForDeploymentPostprocessing = 0;
		};
/* End PBXSourcesBuildPhase section */

/* Begin PBXVariantGroup section */
		CB592E58253D625C004C3E66 /* Main.storyboard */ = {
			isa = PBXVariantGroup;
			children = (
				CB592E59253D625C004C3E66 /* Base */,
				CB592E74253D764E004C3E66 /* ar */,
				CB592E77253D7655004C3E66 /* de */,
			);
			name = Main.storyboard;
			sourceTree = "<group>";
		};
		CB592E5D253D625D004C3E66 /* LaunchScreen.storyboard */ = {
			isa = PBXVariantGroup;
			children = (
				CB592E5E253D625D004C3E66 /* Base */,
				CB592E75253D764E004C3E66 /* ar */,
				CB592E78253D7655004C3E66 /* de */,
			);
			name = LaunchScreen.storyboard;
			sourceTree = "<group>";
		};
		CB592E79253D7969004C3E66 /* Localizable.strings */ = {
			isa = PBXVariantGroup;
			children = (
				CB592E7A253D7969004C3E66 /* ar */,
				CB592E7D253D7974004C3E66 /* de */,
			);
			name = Localizable.strings;
			sourceTree = "<group>";
		};
/* End PBXVariantGroup section */

/* Begin XCBuildConfiguration section */
		CB592E61253D625D004C3E66 /* Debug */ = {
			isa = XCBuildConfiguration;
			buildSettings = {
				ALWAYS_SEARCH_USER_PATHS = NO;
				CLANG_ANALYZER_LOCALIZABILITY_NONLOCALIZED = YES;
				CLANG_ANALYZER_NONNULL = YES;
				CLANG_ANALYZER_NUMBER_OBJECT_CONVERSION = YES_AGGRESSIVE;
				CLANG_CXX_LANGUAGE_STANDARD = "gnu++14";
				CLANG_CXX_LIBRARY = "libc++";
				CLANG_ENABLE_MODULES = YES;
				CLANG_ENABLE_OBJC_ARC = YES;
				CLANG_ENABLE_OBJC_WEAK = YES;
				CLANG_WARN_BLOCK_CAPTURE_AUTORELEASING = YES;
				CLANG_WARN_BOOL_CONVERSION = YES;
				CLANG_WARN_COMMA = YES;
				CLANG_WARN_CONSTANT_CONVERSION = YES;
				CLANG_WARN_DEPRECATED_OBJC_IMPLEMENTATIONS = YES;
				CLANG_WARN_DIRECT_OBJC_ISA_USAGE = YES_ERROR;
				CLANG_WARN_DOCUMENTATION_COMMENTS = YES;
				CLANG_WARN_EMPTY_BODY = YES;
				CLANG_WARN_ENUM_CONVERSION = YES;
				CLANG_WARN_INFINITE_RECURSION = YES;
				CLANG_WARN_INT_CONVERSION = YES;
				CLANG_WARN_NON_LITERAL_NULL_CONVERSION = YES;
				CLANG_WARN_OBJC_IMPLICIT_RETAIN_SELF = YES;
				CLANG_WARN_OBJC_LITERAL_CONVERSION = YES;
				CLANG_WARN_OBJC_ROOT_CLASS = YES_ERROR;
				CLANG_WARN_QUOTED_INCLUDE_IN_FRAMEWORK_HEADER = YES;
				CLANG_WARN_RANGE_LOOP_ANALYSIS = YES;
				CLANG_WARN_STRICT_PROTOTYPES = YES;
				CLANG_WARN_SUSPICIOUS_MOVE = YES;
				CLANG_WARN_UNGUARDED_AVAILABILITY = YES_AGGRESSIVE;
				CLANG_WARN_UNREACHABLE_CODE = YES;
				CLANG_WARN__DUPLICATE_METHOD_MATCH = YES;
				COPY_PHASE_STRIP = NO;
				DEBUG_INFORMATION_FORMAT = dwarf;
				ENABLE_STRICT_OBJC_MSGSEND = YES;
				ENABLE_TESTABILITY = YES;
				GCC_C_LANGUAGE_STANDARD = gnu11;
				GCC_DYNAMIC_NO_PIC = NO;
				GCC_NO_COMMON_BLOCKS = YES;
				GCC_OPTIMIZATION_LEVEL = 0;
				GCC_PREPROCESSOR_DEFINITIONS = (
					"DEBUG=1",
					"$(inherited)",
				);
				GCC_WARN_64_TO_32_BIT_CONVERSION = YES;
				GCC_WARN_ABOUT_RETURN_TYPE = YES_ERROR;
				GCC_WARN_UNDECLARED_SELECTOR = YES;
				GCC_WARN_UNINITIALIZED_AUTOS = YES_AGGRESSIVE;
				GCC_WARN_UNUSED_FUNCTION = YES;
				GCC_WARN_UNUSED_VARIABLE = YES;
				IPHONEOS_DEPLOYMENT_TARGET = 14.0;
				MTL_ENABLE_DEBUG_INFO = INCLUDE_SOURCE;
				MTL_FAST_MATH = YES;
				ONLY_ACTIVE_ARCH = YES;
				SDKROOT = iphoneos;
				SWIFT_ACTIVE_COMPILATION_CONDITIONS = DEBUG;
				SWIFT_OPTIMIZATION_LEVEL = "-Onone";
			};
			name = Debug;
		};
		CB592E62253D625D004C3E66 /* Release */ = {
			isa = XCBuildConfiguration;
			buildSettings = {
				ALWAYS_SEARCH_USER_PATHS = NO;
				CLANG_ANALYZER_LOCALIZABILITY_NONLOCALIZED = YES;
				CLANG_ANALYZER_NONNULL = YES;
				CLANG_ANALYZER_NUMBER_OBJECT_CONVERSION = YES_AGGRESSIVE;
				CLANG_CXX_LANGUAGE_STANDARD = "gnu++14";
				CLANG_CXX_LIBRARY = "libc++";
				CLANG_ENABLE_MODULES = YES;
				CLANG_ENABLE_OBJC_ARC = YES;
				CLANG_ENABLE_OBJC_WEAK = YES;
				CLANG_WARN_BLOCK_CAPTURE_AUTORELEASING = YES;
				CLANG_WARN_BOOL_CONVERSION = YES;
				CLANG_WARN_COMMA = YES;
				CLANG_WARN_CONSTANT_CONVERSION = YES;
				CLANG_WARN_DEPRECATED_OBJC_IMPLEMENTATIONS = YES;
				CLANG_WARN_DIRECT_OBJC_ISA_USAGE = YES_ERROR;
				CLANG_WARN_DOCUMENTATION_COMMENTS = YES;
				CLANG_WARN_EMPTY_BODY = YES;
				CLANG_WARN_ENUM_CONVERSION = YES;
				CLANG_WARN_INFINITE_RECURSION = YES;
				CLANG_WARN_INT_CONVERSION = YES;
				CLANG_WARN_NON_LITERAL_NULL_CONVERSION = YES;
				CLANG_WARN_OBJC_IMPLICIT_RETAIN_SELF = YES;
				CLANG_WARN_OBJC_LITERAL_CONVERSION = YES;
				CLANG_WARN_OBJC_ROOT_CLASS = YES_ERROR;
				CLANG_WARN_QUOTED_INCLUDE_IN_FRAMEWORK_HEADER = YES;
				CLANG_WARN_RANGE_LOOP_ANALYSIS = YES;
				CLANG_WARN_STRICT_PROTOTYPES = YES;
				CLANG_WARN_SUSPICIOUS_MOVE = YES;
				CLANG_WARN_UNGUARDED_AVAILABILITY = YES_AGGRESSIVE;
				CLANG_WARN_UNREACHABLE_CODE = YES;
				CLANG_WARN__DUPLICATE_METHOD_MATCH = YES;
				COPY_PHASE_STRIP = NO;
				DEBUG_INFORMATION_FORMAT = "dwarf-with-dsym";
				ENABLE_NS_ASSERTIONS = NO;
				ENABLE_STRICT_OBJC_MSGSEND = YES;
				GCC_C_LANGUAGE_STANDARD = gnu11;
				GCC_NO_COMMON_BLOCKS = YES;
				GCC_WARN_64_TO_32_BIT_CONVERSION = YES;
				GCC_WARN_ABOUT_RETURN_TYPE = YES_ERROR;
				GCC_WARN_UNDECLARED_SELECTOR = YES;
				GCC_WARN_UNINITIALIZED_AUTOS = YES_AGGRESSIVE;
				GCC_WARN_UNUSED_FUNCTION = YES;
				GCC_WARN_UNUSED_VARIABLE = YES;
				IPHONEOS_DEPLOYMENT_TARGET = 14.0;
				MTL_ENABLE_DEBUG_INFO = NO;
				MTL_FAST_MATH = YES;
				SDKROOT = iphoneos;
				SWIFT_COMPILATION_MODE = wholemodule;
				SWIFT_OPTIMIZATION_LEVEL = "-O";
				VALIDATE_PRODUCT = YES;
			};
			name = Release;
		};
		CB592E64253D625D004C3E66 /* Debug */ = {
			isa = XCBuildConfiguration;
			buildSettings = {
				ASSETCATALOG_COMPILER_APPICON_NAME = AppIcon;
				ASSETCATALOG_COMPILER_GLOBAL_ACCENT_COLOR_NAME = AccentColor;
				CODE_SIGN_STYLE = Automatic;
				INFOPLIST_FILE = "VerdeRoastery-Localization/Info.plist";
				LD_RUNPATH_SEARCH_PATHS = (
					"$(inherited)",
					"@executable_path/Frameworks",
				);
				PRODUCT_BUNDLE_IDENTIFIER = "edu.ben.VerdeRoastery-Localization";
				PRODUCT_NAME = "$(TARGET_NAME)";
				SWIFT_VERSION = 5.0;
				TARGETED_DEVICE_FAMILY = "1,2";
			};
			name = Debug;
		};
		CB592E65253D625D004C3E66 /* Release */ = {
			isa = XCBuildConfiguration;
			buildSettings = {
				ASSETCATALOG_COMPILER_APPICON_NAME = AppIcon;
				ASSETCATALOG_COMPILER_GLOBAL_ACCENT_COLOR_NAME = AccentColor;
				CODE_SIGN_STYLE = Automatic;
				INFOPLIST_FILE = "VerdeRoastery-Localization/Info.plist";
				LD_RUNPATH_SEARCH_PATHS = (
					"$(inherited)",
					"@executable_path/Frameworks",
				);
				PRODUCT_BUNDLE_IDENTIFIER = "edu.ben.VerdeRoastery-Localization";
				PRODUCT_NAME = "$(TARGET_NAME)";
				SWIFT_VERSION = 5.0;
				TARGETED_DEVICE_FAMILY = "1,2";
			};
			name = Release;
		};
/* End XCBuildConfiguration section */

/* Begin XCConfigurationList section */
		CB592E4A253D625C004C3E66 /* Build configuration list for PBXProject "VerdeRoastery-Localization" */ = {
			isa = XCConfigurationList;
			buildConfigurations = (
				CB592E61253D625D004C3E66 /* Debug */,
				CB592E62253D625D004C3E66 /* Release */,
			);
			defaultConfigurationIsVisible = 0;
			defaultConfigurationName = Release;
		};
		CB592E63253D625D004C3E66 /* Build configuration list for PBXNativeTarget "VerdeRoastery-Localization" */ = {
			isa = XCConfigurationList;
			buildConfigurations = (
				CB592E64253D625D004C3E66 /* Debug */,
				CB592E65253D625D004C3E66 /* Release */,
			);
			defaultConfigurationIsVisible = 0;
			defaultConfigurationName = Release;
		};
/* End XCConfigurationList section */
	};
	rootObject = CB592E47253D625C004C3E66 /* Project object */;
}
